// !$*UTF8*$!
{
	archiveVersion = 1;
	classes = {
	};
	objectVersion = 46;
	objects = {

/* Begin PBXBuildFile section */
		4B8AA3CC14DBF496005F6446 /* UIKit.framework in Frameworks */ = {isa = PBXBuildFile; fileRef = 4B8AA3CB14DBF496005F6446 /* UIKit.framework */; };
		4B8AA3CE14DBF496005F6446 /* Foundation.framework in Frameworks */ = {isa = PBXBuildFile; fileRef = 4B8AA3CD14DBF496005F6446 /* Foundation.framework */; };
		4B8AA3D014DBF496005F6446 /* CoreGraphics.framework in Frameworks */ = {isa = PBXBuildFile; fileRef = 4B8AA3CF14DBF496005F6446 /* CoreGraphics.framework */; };
		4B8AA3D614DBF496005F6446 /* InfoPlist.strings in Resources */ = {isa = PBXBuildFile; fileRef = 4B8AA3D414DBF496005F6446 /* InfoPlist.strings */; };
		4B8AA3D814DBF496005F6446 /* main.m in Sources */ = {isa = PBXBuildFile; fileRef = 4B8AA3D714DBF496005F6446 /* main.m */; };
		4B8AA3DC14DBF496005F6446 /* MFAppDelegate.m in Sources */ = {isa = PBXBuildFile; fileRef = 4B8AA3DB14DBF496005F6446 /* MFAppDelegate.m */; };
/* End PBXBuildFile section */

/* Begin PBXFileReference section */
		4B8AA3C714DBF496005F6446 /* Test0.app */ = {isa = PBXFileReference; explicitFileType = wrapper.application; includeInIndex = 0; path = Test0.app; sourceTree = BUILT_PRODUCTS_DIR; };
		4B8AA3CB14DBF496005F6446 /* UIKit.framework */ = {isa = PBXFileReference; lastKnownFileType = wrapper.framework; name = UIKit.framework; path = System/Library/Frameworks/UIKit.framework; sourceTree = SDKROOT; };
		4B8AA3CD14DBF496005F6446 /* Foundation.framework */ = {isa = PBXFileReference; lastKnownFileType = wrapper.framework; name = Foundation.framework; path = System/Library/Frameworks/Foundation.framework; sourceTree = SDKROOT; };
		4B8AA3CF14DBF496005F6446 /* CoreGraphics.framework */ = {isa = PBXFileReference; lastKnownFileType = wrapper.framework; name = CoreGraphics.framework; path = System/Library/Frameworks/CoreGraphics.framework; sourceTree = SDKROOT; };
		4B8AA3D314DBF496005F6446 /* Test0-Info.plist */ = {isa = PBXFileReference; lastKnownFileType = text.plist.xml; path = "Test0-Info.plist"; sourceTree = "<group>"; };
		4B8AA3D514DBF496005F6446 /* en */ = {isa = PBXFileReference; lastKnownFileType = text.plist.strings; name = en; path = en.lproj/InfoPlist.strings; sourceTree = "<group>"; };
		4B8AA3D714DBF496005F6446 /* main.m */ = {isa = PBXFileReference; lastKnownFileType = sourcecode.c.objc; path = main.m; sourceTree = "<group>"; };
		4B8AA3D914DBF496005F6446 /* Test0-Prefix.pch */ = {isa = PBXFileReference; lastKnownFileType = sourcecode.c.h; path = "Test0-Prefix.pch"; sourceTree = "<group>"; };
		4B8AA3DA14DBF496005F6446 /* MFAppDelegate.h */ = {isa = PBXFileReference; lastKnownFileType = sourcecode.c.h; path = MFAppDelegate.h; sourceTree = "<group>"; };
		4B8AA3DB14DBF496005F6446 /* MFAppDelegate.m */ = {isa = PBXFileReference; lastKnownFileType = sourcecode.c.objc; path = MFAppDelegate.m; sourceTree = "<group>"; };
/* End PBXFileReference section */

/* Begin PBXFrameworksBuildPhase section */
		4B8AA3C414DBF496005F6446 /* Frameworks */ = {
			isa = PBXFrameworksBuildPhase;
			buildActionMask = 2147483647;
			files = (
				4B8AA3CC14DBF496005F6446 /* UIKit.framework in Frameworks */,
				4B8AA3CE14DBF496005F6446 /* Foundation.framework in Frameworks */,
				4B8AA3D014DBF496005F6446 /* CoreGraphics.framework in Frameworks */,
			);
			runOnlyForDeploymentPostprocessing = 0;
		};
/* End PBXFrameworksBuildPhase section */

/* Begin PBXGroup section */
		4B8AA3BC14DBF496005F6446 = {
			isa = PBXGroup;
			children = (
				4B8AA3D114DBF496005F6446 /* Test0 */,
				4B8AA3CA14DBF496005F6446 /* Frameworks */,
				4B8AA3C814DBF496005F6446 /* Products */,
			);
			sourceTree = "<group>";
		};
		4B8AA3C814DBF496005F6446 /* Products */ = {
			isa = PBXGroup;
			children = (
				4B8AA3C714DBF496005F6446 /* Test0.app */,
			);
			name = Products;
			sourceTree = "<group>";
		};
		4B8AA3CA14DBF496005F6446 /* Frameworks */ = {
			isa = PBXGroup;
			children = (
				4B8AA3CB14DBF496005F6446 /* UIKit.framework */,
				4B8AA3CD14DBF496005F6446 /* Foundation.framework */,
				4B8AA3CF14DBF496005F6446 /* CoreGraphics.framework */,
			);
			name = Frameworks;
			sourceTree = "<group>";
		};
		4B8AA3D114DBF496005F6446 /* Test0 */ = {
			isa = PBXGroup;
			children = (
				4B8AA3DA14DBF496005F6446 /* MFAppDelegate.h */,
				4B8AA3DB14DBF496005F6446 /* MFAppDelegate.m */,
				4B8AA3D214DBF496005F6446 /* Supporting Files */,
			);
			path = Test0;
			sourceTree = "<group>";
		};
		4B8AA3D214DBF496005F6446 /* Supporting Files */ = {
			isa = PBXGroup;
			children = (
				4B8AA3D314DBF496005F6446 /* Test0-Info.plist */,
				4B8AA3D414DBF496005F6446 /* InfoPlist.strings */,
				4B8AA3D714DBF496005F6446 /* main.m */,
				4B8AA3D914DBF496005F6446 /* Test0-Prefix.pch */,
			);
			name = "Supporting Files";
			sourceTree = "<group>";
		};
/* End PBXGroup section */

/* Begin PBXNativeTarget section */
		4B8AA3C614DBF496005F6446 /* Test0 */ = {
			isa = PBXNativeTarget;
			buildConfigurationList = 4B8AA3DF14DBF496005F6446 /* Build configuration list for PBXNativeTarget "Test0" */;
			buildPhases = (
				4B8AA3C314DBF496005F6446 /* Sources */,
				4B8AA3C414DBF496005F6446 /* Frameworks */,
				4B8AA3C514DBF496005F6446 /* Resources */,
			);
			buildRules = (
			);
			dependencies = (
			);
			name = Test0;
			productName = Test0;
			productReference = 4B8AA3C714DBF496005F6446 /* Test0.app */;
			productType = "com.apple.product-type.application";
		};
/* End PBXNativeTarget section */

/* Begin PBXProject section */
		4B8AA3BE14DBF496005F6446 /* Project object */ = {
			isa = PBXProject;
			attributes = {
				LastUpgradeCheck = 0420;
				ORGANIZATIONNAME = "MF APP AG";
			};
			buildConfigurationList = 4B8AA3C114DBF496005F6446 /* Build configuration list for PBXProject "Test0" */;
			compatibilityVersion = "Xcode 3.2";
			developmentRegion = English;
			hasScannedForEncodings = 0;
			knownRegions = (
				en,
			);
			mainGroup = 4B8AA3BC14DBF496005F6446;
			productRefGroup = 4B8AA3C814DBF496005F6446 /* Products */;
			projectDirPath = "";
			projectRoot = "";
			targets = (
				4B8AA3C614DBF496005F6446 /* Test0 */,
			);
		};
/* End PBXProject section */

/* Begin PBXResourcesBuildPhase section */
		4B8AA3C514DBF496005F6446 /* Resources */ = {
			isa = PBXResourcesBuildPhase;
			buildActionMask = 2147483647;
			files = (
				4B8AA3D614DBF496005F6446 /* InfoPlist.strings in Resources */,
			);
			runOnlyForDeploymentPostprocessing = 0;
		};
/* End PBXResourcesBuildPhase section */

/* Begin PBXSourcesBuildPhase section */
		4B8AA3C314DBF496005F6446 /* Sources */ = {
			isa = PBXSourcesBuildPhase;
			buildActionMask = 2147483647;
			files = (
				4B8AA3D814DBF496005F6446 /* main.m in Sources */,
				4B8AA3DC14DBF496005F6446 /* MFAppDelegate.m in Sources */,
			);
			runOnlyForDeploymentPostprocessing = 0;
		};
/* End PBXSourcesBuildPhase section */

/* Begin PBXVariantGroup section */
		4B8AA3D414DBF496005F6446 /* InfoPlist.strings */ = {
			isa = PBXVariantGroup;
			children = (
				4B8AA3D514DBF496005F6446 /* en */,
			);
			name = InfoPlist.strings;
			sourceTree = "<group>";
		};
/* End PBXVariantGroup section */

/* Begin XCBuildConfiguration section */
		4B8AA3DD14DBF496005F6446 /* Debug */ = {
			isa = XCBuildConfiguration;
			buildSettings = {
				ALWAYS_SEARCH_USER_PATHS = NO;
				ARCHS = "$(ARCHS_STANDARD_32_BIT)";
				CLANG_ENABLE_OBJC_ARC = YES;
				"CODE_SIGN_IDENTITY[sdk=iphoneos*]" = "iPhone Developer";
				COPY_PHASE_STRIP = NO;
				GCC_C_LANGUAGE_STANDARD = gnu99;
				GCC_DYNAMIC_NO_PIC = NO;
				GCC_OPTIMIZATION_LEVEL = 0;
				GCC_PREPROCESSOR_DEFINITIONS = (
					"DEBUG=1",
					"$(inherited)",
				);
				GCC_SYMBOLS_PRIVATE_EXTERN = NO;
				GCC_VERSION = com.apple.compilers.llvm.clang.1_0;
				GCC_WARN_ABOUT_MISSING_PROTOTYPES = YES;
				GCC_WARN_ABOUT_RETURN_TYPE = YES;
				GCC_WARN_UNUSED_VARIABLE = YES;
				IPHONEOS_DEPLOYMENT_TARGET = 5.0;
				SDKROOT = iphoneos;
				TARGETED_DEVICE_FAMILY = "1,2";
			};
			name = Debug;
		};
		4B8AA3DE14DBF496005F6446 /* Release */ = {
			isa = XCBuildConfiguration;
			buildSettings = {
				ALWAYS_SEARCH_USER_PATHS = NO;
				ARCHS = "$(ARCHS_STANDARD_32_BIT)";
				CLANG_ENABLE_OBJC_ARC = YES;
				"CODE_SIGN_IDENTITY[sdk=iphoneos*]" = "iPhone Developer";
				COPY_PHASE_STRIP = YES;
				GCC_C_LANGUAGE_STANDARD = gnu99;
				GCC_VERSION = com.apple.compilers.llvm.clang.1_0;
				GCC_WARN_ABOUT_MISSING_PROTOTYPES = YES;
				GCC_WARN_ABOUT_RETURN_TYPE = YES;
				GCC_WARN_UNUSED_VARIABLE = YES;
				IPHONEOS_DEPLOYMENT_TARGET = 5.0;
				OTHER_CFLAGS = "-DNS_BLOCK_ASSERTIONS=1";
				SDKROOT = iphoneos;
				TARGETED_DEVICE_FAMILY = "1,2";
				VALIDATE_PRODUCT = YES;
			};
			name = Release;
		};
		4B8AA3E014DBF496005F6446 /* Debug */ = {
			isa = XCBuildConfiguration;
			buildSettings = {
				GCC_PRECOMPILE_PREFIX_HEADER = YES;
				GCC_PREFIX_HEADER = "Test0/Test0-Prefix.pch";
				INFOPLIST_FILE = "Test0/Test0-Info.plist";
				PRODUCT_NAME = "$(TARGET_NAME)";
				WRAPPER_EXTENSION = app;
			};
			name = Debug;
		};
		4B8AA3E114DBF496005F6446 /* Release */ = {
			isa = XCBuildConfiguration;
			buildSettings = {
				GCC_PRECOMPILE_PREFIX_HEADER = YES;
				GCC_PREFIX_HEADER = "Test0/Test0-Prefix.pch";
				INFOPLIST_FILE = "Test0/Test0-Info.plist";
				PRODUCT_NAME = "$(TARGET_NAME)";
				WRAPPER_EXTENSION = app;
			};
			name = Release;
		};
/* End XCBuildConfiguration section */

/* Begin XCConfigurationList section */
		4B8AA3C114DBF496005F6446 /* Build configuration list for PBXProject "Test0" */ = {
			isa = XCConfigurationList;
			buildConfigurations = (
				4B8AA3DD14DBF496005F6446 /* Debug */,
				4B8AA3DE14DBF496005F6446 /* Release */,
			);
			defaultConfigurationIsVisible = 0;
			defaultConfigurationName = Release;
		};
		4B8AA3DF14DBF496005F6446 /* Build configuration list for PBXNativeTarget "Test0" */ = {
			isa = XCConfigurationList;
			buildConfigurations = (
				4B8AA3E014DBF496005F6446 /* Debug */,
				4B8AA3E114DBF496005F6446 /* Release */,
			);
			defaultConfigurationIsVisible = 0;
		};
/* End XCConfigurationList section */
	};
	rootObject = 4B8AA3BE14DBF496005F6446 /* Project object */;
}
